
Microsoft Visual Studio Solution File, Format Version 12.00
Project("{FAE04EC0-301F-11D3-BF4B-00C04F79EFBC}") = "APIGateway", "APIGateway\APIGateway.csproj", "{0112A6B6-4217-4E3B-AFF6-1E6EA6EFECB8}"
EndProject
Project("{FAE04EC0-301F-11D3-BF4B-00C04F79EFBC}") = "Shared", "Shared\Shared.csproj", "{B1BCEBFD-29F2-4DB7-A8AB-22ADA7CEE53B}"
EndProject
Project("{2150E333-8FDC-42A3-9474-1A3956D46DE8}") = "NotificationService", "NotificationService", "{7C5BB004-2BB1-444F-8B7C-383238DDB43E}"
EndProject
Project("{FAE04EC0-301F-11D3-BF4B-00C04F79EFBC}") = "Domain", "NotificationService\Domain\Domain.csproj", "{624ABB0E-0F0F-4B37-8B1A-2B8041B4C472}"
EndProject
Project("{FAE04EC0-301F-11D3-BF4B-00C04F79EFBC}") = "Infrastructure", "NotificationService\Infrastructure\Infrastructure.csproj", "{5207AF31-4E95-4C4A-8AE0-C369564AC569}"
EndProject
Project("{FAE04EC0-301F-11D3-BF4B-00C04F79EFBC}") = "Application", "NotificationService\Application\Application.csproj", "{893E56E2-B1D5-4F8F-96BA-126BCF883A61}"
EndProject
Project("{FAE04EC0-301F-11D3-BF4B-00C04F79EFBC}") = "NotificationApi", "NotificationService\NotificationApi\NotificationApi.csproj", "{A4E4C482-E9D7-420E-ACF7-F03933CD829E}"
EndProject
Project("{2150E333-8FDC-42A3-9474-1A3956D46DE8}") = "AuthService", "AuthService", "{A1EB5E02-EBB1-4EB8-BEDC-82FF701DAAF8}"
EndProject
Project("{FAE04EC0-301F-11D3-BF4B-00C04F79EFBC}") = "Domain", "AuthService\Domain\Domain.csproj", "{A720256F-3CE9-4EED-BAB5-CA9E0A49CAA4}"
EndProject
Project("{FAE04EC0-301F-11D3-BF4B-00C04F79EFBC}") = "Infrastructure", "AuthService\Infrastructure\Infrastructure.csproj", "{08E4140C-5B36-4C50-91DA-D3251E550A38}"
EndProject
Project("{FAE04EC0-301F-11D3-BF4B-00C04F79EFBC}") = "Application", "AuthService\Application\Application.csproj", "{0AD9E931-EBF2-4766-9B41-51958122614E}"
EndProject
Project("{FAE04EC0-301F-11D3-BF4B-00C04F79EFBC}") = "AuthApi", "AuthService\AuthApi\AuthApi.csproj", "{5CC5424B-4186-40B4-901B-CF3BDC7F7A50}"
EndProject
Project("{2150E333-8FDC-42A3-9474-1A3956D46DE8}") = "TaskService", "TaskService", "{D04D16D0-2C2A-426E-9D31-9CF140D82E67}"
EndProject
Project("{FAE04EC0-301F-11D3-BF4B-00C04F79EFBC}") = "Domain", "TaskService\Domain\Domain.csproj", "{556E3D40-15C8-41CA-BEBA-4D8246EA639E}"
EndProject
Project("{FAE04EC0-301F-11D3-BF4B-00C04F79EFBC}") = "Infrastructure", "TaskService\Infrastructure\Infrastructure.csproj", "{474C24A1-756D-4269-AFD5-716B03849F39}"
EndProject
Project("{FAE04EC0-301F-11D3-BF4B-00C04F79EFBC}") = "Application", "TaskService\Application\Application.csproj", "{6D8A55E2-F824-4DE4-B620-76960A5C4CFB}"
EndProject
Project("{FAE04EC0-301F-11D3-BF4B-00C04F79EFBC}") = "TaskApi", "TaskService\TaskApi\TaskApi.csproj", "{D7C691DA-DCFA-47F6-92DB-69E2A88B3357}"
EndProject
Global
	GlobalSection(SolutionConfigurationPlatforms) = preSolution
		Debug|Any CPU = Debug|Any CPU
		Release|Any CPU = Release|Any CPU
	EndGlobalSection
	GlobalSection(ProjectConfigurationPlatforms) = postSolution
		{0112A6B6-4217-4E3B-AFF6-1E6EA6EFECB8}.Debug|Any CPU.ActiveCfg = Debug|Any CPU
		{0112A6B6-4217-4E3B-AFF6-1E6EA6EFECB8}.Debug|Any CPU.Build.0 = Debug|Any CPU
		{0112A6B6-4217-4E3B-AFF6-1E6EA6EFECB8}.Release|Any CPU.ActiveCfg = Release|Any CPU
		{0112A6B6-4217-4E3B-AFF6-1E6EA6EFECB8}.Release|Any CPU.Build.0 = Release|Any CPU
		{B1BCEBFD-29F2-4DB7-A8AB-22ADA7CEE53B}.Debug|Any CPU.ActiveCfg = Debug|Any CPU
		{B1BCEBFD-29F2-4DB7-A8AB-22ADA7CEE53B}.Debug|Any CPU.Build.0 = Debug|Any CPU
		{B1BCEBFD-29F2-4DB7-A8AB-22ADA7CEE53B}.Release|Any CPU.ActiveCfg = Release|Any CPU
		{B1BCEBFD-29F2-4DB7-A8AB-22ADA7CEE53B}.Release|Any CPU.Build.0 = Release|Any CPU
		{624ABB0E-0F0F-4B37-8B1A-2B8041B4C472}.Debug|Any CPU.ActiveCfg = Debug|Any CPU
		{624ABB0E-0F0F-4B37-8B1A-2B8041B4C472}.Debug|Any CPU.Build.0 = Debug|Any CPU
		{624ABB0E-0F0F-4B37-8B1A-2B8041B4C472}.Release|Any CPU.ActiveCfg = Release|Any CPU
		{624ABB0E-0F0F-4B37-8B1A-2B8041B4C472}.Release|Any CPU.Build.0 = Release|Any CPU
		{5207AF31-4E95-4C4A-8AE0-C369564AC569}.Debug|Any CPU.ActiveCfg = Debug|Any CPU
		{5207AF31-4E95-4C4A-8AE0-C369564AC569}.Debug|Any CPU.Build.0 = Debug|Any CPU
		{5207AF31-4E95-4C4A-8AE0-C369564AC569}.Release|Any CPU.ActiveCfg = Release|Any CPU
		{5207AF31-4E95-4C4A-8AE0-C369564AC569}.Release|Any CPU.Build.0 = Release|Any CPU
		{893E56E2-B1D5-4F8F-96BA-126BCF883A61}.Debug|Any CPU.ActiveCfg = Debug|Any CPU
		{893E56E2-B1D5-4F8F-96BA-126BCF883A61}.Debug|Any CPU.Build.0 = Debug|Any CPU
		{893E56E2-B1D5-4F8F-96BA-126BCF883A61}.Release|Any CPU.ActiveCfg = Release|Any CPU
		{893E56E2-B1D5-4F8F-96BA-126BCF883A61}.Release|Any CPU.Build.0 = Release|Any CPU
		{A4E4C482-E9D7-420E-ACF7-F03933CD829E}.Debug|Any CPU.ActiveCfg = Debug|Any CPU
		{A4E4C482-E9D7-420E-ACF7-F03933CD829E}.Debug|Any CPU.Build.0 = Debug|Any CPU
		{A4E4C482-E9D7-420E-ACF7-F03933CD829E}.Release|Any CPU.ActiveCfg = Release|Any CPU
		{A4E4C482-E9D7-420E-ACF7-F03933CD829E}.Release|Any CPU.Build.0 = Release|Any CPU
		{A720256F-3CE9-4EED-BAB5-CA9E0A49CAA4}.Debug|Any CPU.ActiveCfg = Debug|Any CPU
		{A720256F-3CE9-4EED-BAB5-CA9E0A49CAA4}.Debug|Any CPU.Build.0 = Debug|Any CPU
		{A720256F-3CE9-4EED-BAB5-CA9E0A49CAA4}.Release|Any CPU.ActiveCfg = Release|Any CPU
		{A720256F-3CE9-4EED-BAB5-CA9E0A49CAA4}.Release|Any CPU.Build.0 = Release|Any CPU
		{08E4140C-5B36-4C50-91DA-D3251E550A38}.Debug|Any CPU.ActiveCfg = Debug|Any CPU
		{08E4140C-5B36-4C50-91DA-D3251E550A38}.Debug|Any CPU.Build.0 = Debug|Any CPU
		{08E4140C-5B36-4C50-91DA-D3251E550A38}.Release|Any CPU.ActiveCfg = Release|Any CPU
		{08E4140C-5B36-4C50-91DA-D3251E550A38}.Release|Any CPU.Build.0 = Release|Any CPU
		{0AD9E931-EBF2-4766-9B41-51958122614E}.Debug|Any CPU.ActiveCfg = Debug|Any CPU
		{0AD9E931-EBF2-4766-9B41-51958122614E}.Debug|Any CPU.Build.0 = Debug|Any CPU
		{0AD9E931-EBF2-4766-9B41-51958122614E}.Release|Any CPU.ActiveCfg = Release|Any CPU
		{0AD9E931-EBF2-4766-9B41-51958122614E}.Release|Any CPU.Build.0 = Release|Any CPU
		{5CC5424B-4186-40B4-901B-CF3BDC7F7A50}.Debug|Any CPU.ActiveCfg = Debug|Any CPU
		{5CC5424B-4186-40B4-901B-CF3BDC7F7A50}.Debug|Any CPU.Build.0 = Debug|Any CPU
		{5CC5424B-4186-40B4-901B-CF3BDC7F7A50}.Release|Any CPU.ActiveCfg = Release|Any CPU
		{5CC5424B-4186-40B4-901B-CF3BDC7F7A50}.Release|Any CPU.Build.0 = Release|Any CPU
		{556E3D40-15C8-41CA-BEBA-4D8246EA639E}.Debug|Any CPU.ActiveCfg = Debug|Any CPU
		{556E3D40-15C8-41CA-BEBA-4D8246EA639E}.Debug|Any CPU.Build.0 = Debug|Any CPU
		{556E3D40-15C8-41CA-BEBA-4D8246EA639E}.Release|Any CPU.ActiveCfg = Release|Any CPU
		{556E3D40-15C8-41CA-BEBA-4D8246EA639E}.Release|Any CPU.Build.0 = Release|Any CPU
		{474C24A1-756D-4269-AFD5-716B03849F39}.Debug|Any CPU.ActiveCfg = Debug|Any CPU
		{474C24A1-756D-4269-AFD5-716B03849F39}.Debug|Any CPU.Build.0 = Debug|Any CPU
		{474C24A1-756D-4269-AFD5-716B03849F39}.Release|Any CPU.ActiveCfg = Release|Any CPU
		{474C24A1-756D-4269-AFD5-716B03849F39}.Release|Any CPU.Build.0 = Release|Any CPU
		{6D8A55E2-F824-4DE4-B620-76960A5C4CFB}.Debug|Any CPU.ActiveCfg = Debug|Any CPU
		{6D8A55E2-F824-4DE4-B620-76960A5C4CFB}.Debug|Any CPU.Build.0 = Debug|Any CPU
		{6D8A55E2-F824-4DE4-B620-76960A5C4CFB}.Release|Any CPU.ActiveCfg = Release|Any CPU
		{6D8A55E2-F824-4DE4-B620-76960A5C4CFB}.Release|Any CPU.Build.0 = Release|Any CPU
		{D7C691DA-DCFA-47F6-92DB-69E2A88B3357}.Debug|Any CPU.ActiveCfg = Debug|Any CPU
		{D7C691DA-DCFA-47F6-92DB-69E2A88B3357}.Debug|Any CPU.Build.0 = Debug|Any CPU
		{D7C691DA-DCFA-47F6-92DB-69E2A88B3357}.Release|Any CPU.ActiveCfg = Release|Any CPU
		{D7C691DA-DCFA-47F6-92DB-69E2A88B3357}.Release|Any CPU.Build.0 = Release|Any CPU
	EndGlobalSection
	GlobalSection(NestedProjects) = preSolution
		{624ABB0E-0F0F-4B37-8B1A-2B8041B4C472} = {7C5BB004-2BB1-444F-8B7C-383238DDB43E}
		{5207AF31-4E95-4C4A-8AE0-C369564AC569} = {7C5BB004-2BB1-444F-8B7C-383238DDB43E}
		{893E56E2-B1D5-4F8F-96BA-126BCF883A61} = {7C5BB004-2BB1-444F-8B7C-383238DDB43E}
		{A4E4C482-E9D7-420E-ACF7-F03933CD829E} = {7C5BB004-2BB1-444F-8B7C-383238DDB43E}
		{A720256F-3CE9-4EED-BAB5-CA9E0A49CAA4} = {A1EB5E02-EBB1-4EB8-BEDC-82FF701DAAF8}
		{08E4140C-5B36-4C50-91DA-D3251E550A38} = {A1EB5E02-EBB1-4EB8-BEDC-82FF701DAAF8}
		{0AD9E931-EBF2-4766-9B41-51958122614E} = {A1EB5E02-EBB1-4EB8-BEDC-82FF701DAAF8}
		{5CC5424B-4186-40B4-901B-CF3BDC7F7A50} = {A1EB5E02-EBB1-4EB8-BEDC-82FF701DAAF8}
		{556E3D40-15C8-41CA-BEBA-4D8246EA639E} = {D04D16D0-2C2A-426E-9D31-9CF140D82E67}
		{474C24A1-756D-4269-AFD5-716B03849F39} = {D04D16D0-2C2A-426E-9D31-9CF140D82E67}
		{6D8A55E2-F824-4DE4-B620-76960A5C4CFB} = {D04D16D0-2C2A-426E-9D31-9CF140D82E67}
		{D7C691DA-DCFA-47F6-92DB-69E2A88B3357} = {D04D16D0-2C2A-426E-9D31-9CF140D82E67}
	EndGlobalSection
EndGlobal
